// !$*UTF8*$!
{
	archiveVersion = 1;
	classes = {
	};
	objectVersion = 55;
	objects = {

/* Begin PBXBuildFile section */
		7AF1E25027F4817C007A450D /* MVVMPokedexApp.swift in Sources */ = {isa = PBXBuildFile; fileRef = 7AF1E24F27F4817C007A450D /* MVVMPokedexApp.swift */; };
		7AF1E25227F4817C007A450D /* ContentView.swift in Sources */ = {isa = PBXBuildFile; fileRef = 7AF1E25127F4817C007A450D /* ContentView.swift */; };
		7AF1E25427F4817F007A450D /* Assets.xcassets in Resources */ = {isa = PBXBuildFile; fileRef = 7AF1E25327F4817F007A450D /* Assets.xcassets */; };
		7AF1E25727F4817F007A450D /* Preview Assets.xcassets in Resources */ = {isa = PBXBuildFile; fileRef = 7AF1E25627F4817F007A450D /* Preview Assets.xcassets */; };
		7AF1E25E27F481E7007A450D /* pokemon.json in Resources */ = {isa = PBXBuildFile; fileRef = 7AF1E25D27F481E7007A450D /* pokemon.json */; };
		7AF1E26027F4824C007A450D /* PokemonManager.swift in Sources */ = {isa = PBXBuildFile; fileRef = 7AF1E25F27F4824C007A450D /* PokemonManager.swift */; };
		7AF1E26227F484B8007A450D /* ViewModel.swift in Sources */ = {isa = PBXBuildFile; fileRef = 7AF1E26127F484B8007A450D /* ViewModel.swift */; };
		7AF1E26927F48575007A450D /* Helpers.swift in Sources */ = {isa = PBXBuildFile; fileRef = 7AF1E26827F48575007A450D /* Helpers.swift */; };
		7AF1E26B27F4877D007A450D /* PokemonView.swift in Sources */ = {isa = PBXBuildFile; fileRef = 7AF1E26A27F4877D007A450D /* PokemonView.swift */; };
		7AF1E26D27F48D3D007A450D /* PokemonModel.swift in Sources */ = {isa = PBXBuildFile; fileRef = 7AF1E26C27F48D3D007A450D /* PokemonModel.swift */; };
		7AF1E27027F491FA007A450D /* PokemonDetailView.swift in Sources */ = {isa = PBXBuildFile; fileRef = 7AF1E26F27F491FA007A450D /* PokemonDetailView.swift */; };
/* End PBXBuildFile section */

/* Begin PBXFileReference section */
		7AF1E24C27F4817C007A450D /* MVVMPokedex.app */ = {isa = PBXFileReference; explicitFileType = wrapper.application; includeInIndex = 0; path = MVVMPokedex.app; sourceTree = BUILT_PRODUCTS_DIR; };
		7AF1E24F27F4817C007A450D /* MVVMPokedexApp.swift */ = {isa = PBXFileReference; lastKnownFileType = sourcecode.swift; path = MVVMPokedexApp.swift; sourceTree = "<group>"; };
		7AF1E25127F4817C007A450D /* ContentView.swift */ = {isa = PBXFileReference; lastKnownFileType = sourcecode.swift; path = ContentView.swift; sourceTree = "<group>"; };
		7AF1E25327F4817F007A450D /* Assets.xcassets */ = {isa = PBXFileReference; lastKnownFileType = folder.assetcatalog; path = Assets.xcassets; sourceTree = "<group>"; };
		7AF1E25627F4817F007A450D /* Preview Assets.xcassets */ = {isa = PBXFileReference; lastKnownFileType = folder.assetcatalog; path = "Preview Assets.xcassets"; sourceTree = "<group>"; };
		7AF1E25D27F481E7007A450D /* pokemon.json */ = {isa = PBXFileReference; lastKnownFileType = text.json; path = pokemon.json; sourceTree = "<group>"; };
		7AF1E25F27F4824C007A450D /* PokemonManager.swift */ = {isa = PBXFileReference; lastKnownFileType = sourcecode.swift; path = PokemonManager.swift; sourceTree = "<group>"; };
		7AF1E26127F484B8007A450D /* ViewModel.swift */ = {isa = PBXFileReference; lastKnownFileType = sourcecode.swift; path = ViewModel.swift; sourceTree = "<group>"; };
		7AF1E26827F48575007A450D /* Helpers.swift */ = {isa = PBXFileReference; lastKnownFileType = sourcecode.swift; path = Helpers.swift; sourceTree = "<group>"; };
		7AF1E26A27F4877D007A450D /* PokemonView.swift */ = {isa = PBXFileReference; lastKnownFileType = sourcecode.swift; path = PokemonView.swift; sourceTree = "<group>"; };
		7AF1E26C27F48D3D007A450D /* PokemonModel.swift */ = {isa = PBXFileReference; lastKnownFileType = sourcecode.swift; path = PokemonModel.swift; sourceTree = "<group>"; };
		7AF1E26F27F491FA007A450D /* PokemonDetailView.swift */ = {isa = PBXFileReference; lastKnownFileType = sourcecode.swift; path = PokemonDetailView.swift; sourceTree = "<group>"; };
/* End PBXFileReference section */

/* Begin PBXFrameworksBuildPhase section */
		7AF1E24927F4817C007A450D /* Frameworks */ = {
			isa = PBXFrameworksBuildPhase;
			buildActionMask = 2147483647;
			files = (
			);
			runOnlyForDeploymentPostprocessing = 0;
		};
/* End PBXFrameworksBuildPhase section */

/* Begin PBXGroup section */
		7AF1E24327F4817C007A450D = {
			isa = PBXGroup;
			children = (
				7AF1E24E27F4817C007A450D /* MVVMPokedex */,
				7AF1E24D27F4817C007A450D /* Products */,
			);
			sourceTree = "<group>";
		};
		7AF1E24D27F4817C007A450D /* Products */ = {
			isa = PBXGroup;
			children = (
				7AF1E24C27F4817C007A450D /* MVVMPokedex.app */,
			);
			name = Products;
			sourceTree = "<group>";
		};
		7AF1E24E27F4817C007A450D /* MVVMPokedex */ = {
			isa = PBXGroup;
			children = (
				7AF1E24F27F4817C007A450D /* MVVMPokedexApp.swift */,
				7AF1E26727F4856A007A450D /* Helpers */,
				7AF1E26327F48523007A450D /* Views */,
				7AF1E26627F48551007A450D /* ViewModels */,
				7AF1E26E27F48D53007A450D /* Models */,
				7AF1E26527F48543007A450D /* Managers */,
				7AF1E26427F48534007A450D /* Data */,
				7AF1E25327F4817F007A450D /* Assets.xcassets */,
				7AF1E25527F4817F007A450D /* Preview Content */,
			);
			path = MVVMPokedex;
			sourceTree = "<group>";
		};
		7AF1E25527F4817F007A450D /* Preview Content */ = {
			isa = PBXGroup;
			children = (
				7AF1E25627F4817F007A450D /* Preview Assets.xcassets */,
			);
			path = "Preview Content";
			sourceTree = "<group>";
		};
		7AF1E26327F48523007A450D /* Views */ = {
			isa = PBXGroup;
			children = (
				7AF1E25127F4817C007A450D /* ContentView.swift */,
				7AF1E26A27F4877D007A450D /* PokemonView.swift */,
				7AF1E26F27F491FA007A450D /* PokemonDetailView.swift */,
			);
			path = Views;
			sourceTree = "<group>";
		};
		7AF1E26427F48534007A450D /* Data */ = {
			isa = PBXGroup;
			children = (
				7AF1E25D27F481E7007A450D /* pokemon.json */,
			);
			path = Data;
			sourceTree = "<group>";
		};
		7AF1E26527F48543007A450D /* Managers */ = {
			isa = PBXGroup;
			children = (
				7AF1E25F27F4824C007A450D /* PokemonManager.swift */,
			);
			path = Managers;
			sourceTree = "<group>";
		};
		7AF1E26627F48551007A450D /* ViewModels */ = {
			isa = PBXGroup;
			children = (
				7AF1E26127F484B8007A450D /* ViewModel.swift */,
			);
			path = ViewModels;
			sourceTree = "<group>";
		};
		7AF1E26727F4856A007A450D /* Helpers */ = {
			isa = PBXGroup;
			children = (
				7AF1E26827F48575007A450D /* Helpers.swift */,
			);
			path = Helpers;
			sourceTree = "<group>";
		};
		7AF1E26E27F48D53007A450D /* Models */ = {
			isa = PBXGroup;
			children = (
				7AF1E26C27F48D3D007A450D /* PokemonModel.swift */,
			);
			path = Models;
			sourceTree = "<group>";
		};
/* End PBXGroup section */

/* Begin PBXNativeTarget section */
		7AF1E24B27F4817C007A450D /* MVVMPokedex */ = {
			isa = PBXNativeTarget;
			buildConfigurationList = 7AF1E25A27F4817F007A450D /* Build configuration list for PBXNativeTarget "MVVMPokedex" */;
			buildPhases = (
				7AF1E24827F4817C007A450D /* Sources */,
				7AF1E24927F4817C007A450D /* Frameworks */,
				7AF1E24A27F4817C007A450D /* Resources */,
			);
			buildRules = (
			);
			dependencies = (
			);
			name = MVVMPokedex;
			productName = MVVMPokedex;
			productReference = 7AF1E24C27F4817C007A450D /* MVVMPokedex.app */;
			productType = "com.apple.product-type.application";
		};
/* End PBXNativeTarget section */

/* Begin PBXProject section */
		7AF1E24427F4817C007A450D /* Project object */ = {
			isa = PBXProject;
			attributes = {
				BuildIndependentTargetsInParallel = 1;
				LastSwiftUpdateCheck = 1330;
				LastUpgradeCheck = 1330;
				TargetAttributes = {
					7AF1E24B27F4817C007A450D = {
						CreatedOnToolsVersion = 13.3;
					};
				};
			};
			buildConfigurationList = 7AF1E24727F4817C007A450D /* Build configuration list for PBXProject "MVVMPokedex" */;
			compatibilityVersion = "Xcode 13.0";
			developmentRegion = en;
			hasScannedForEncodings = 0;
			knownRegions = (
				en,
				Base,
			);
			mainGroup = 7AF1E24327F4817C007A450D;
			productRefGroup = 7AF1E24D27F4817C007A450D /* Products */;
			projectDirPath = "";
			projectRoot = "";
			targets = (
				7AF1E24B27F4817C007A450D /* MVVMPokedex */,
			);
		};
/* End PBXProject section */

/* Begin PBXResourcesBuildPhase section */
		7AF1E24A27F4817C007A450D /* Resources */ = {
			isa = PBXResourcesBuildPhase;
			buildActionMask = 2147483647;
			files = (
				7AF1E25727F4817F007A450D /* Preview Assets.xcassets in Resources */,
				7AF1E25E27F481E7007A450D /* pokemon.json in Resources */,
				7AF1E25427F4817F007A450D /* Assets.xcassets in Resources */,
			);
			runOnlyForDeploymentPostprocessing = 0;
		};
/* End PBXResourcesBuildPhase section */

/* Begin PBXSourcesBuildPhase section */
		7AF1E24827F4817C007A450D /* Sources */ = {
			isa = PBXSourcesBuildPhase;
			buildActionMask = 2147483647;
			files = (
				7AF1E26B27F4877D007A450D /* PokemonView.swift in Sources */,
				7AF1E25227F4817C007A450D /* ContentView.swift in Sources */,
				7AF1E27027F491FA007A450D /* PokemonDetailView.swift in Sources */,
				7AF1E26027F4824C007A450D /* PokemonManager.swift in Sources */,
				7AF1E26227F484B8007A450D /* ViewModel.swift in Sources */,
				7AF1E26D27F48D3D007A450D /* PokemonModel.swift in Sources */,
				7AF1E26927F48575007A450D /* Helpers.swift in Sources */,
				7AF1E25027F4817C007A450D /* MVVMPokedexApp.swift in Sources */,
			);
			runOnlyForDeploymentPostprocessing = 0;
		};
/* End PBXSourcesBuildPhase section */

/* Begin XCBuildConfiguration section */
		7AF1E25827F4817F007A450D /* Debug */ = {
			isa = XCBuildConfiguration;
			buildSettings = {
				ALWAYS_SEARCH_USER_PATHS = NO;
				CLANG_ANALYZER_NONNULL = YES;
				CLANG_ANALYZER_NUMBER_OBJECT_CONVERSION = YES_AGGRESSIVE;
				CLANG_CXX_LANGUAGE_STANDARD = "gnu++17";
				CLANG_ENABLE_MODULES = YES;
				CLANG_ENABLE_OBJC_ARC = YES;
				CLANG_ENABLE_OBJC_WEAK = YES;
				CLANG_WARN_BLOCK_CAPTURE_AUTORELEASING = YES;
				CLANG_WARN_BOOL_CONVERSION = YES;
				CLANG_WARN_COMMA = YES;
				CLANG_WARN_CONSTANT_CONVERSION = YES;
				CLANG_WARN_DEPRECATED_OBJC_IMPLEMENTATIONS = YES;
				CLANG_WARN_DIRECT_OBJC_ISA_USAGE = YES_ERROR;
				CLANG_WARN_DOCUMENTATION_COMMENTS = YES;
				CLANG_WARN_EMPTY_BODY = YES;
				CLANG_WARN_ENUM_CONVERSION = YES;
				CLANG_WARN_INFINITE_RECURSION = YES;
				CLANG_WARN_INT_CONVERSION = YES;
				CLANG_WARN_NON_LITERAL_NULL_CONVERSION = YES;
				CLANG_WARN_OBJC_IMPLICIT_RETAIN_SELF = YES;
				CLANG_WARN_OBJC_LITERAL_CONVERSION = YES;
				CLANG_WARN_OBJC_ROOT_CLASS = YES_ERROR;
				CLANG_WARN_QUOTED_INCLUDE_IN_FRAMEWORK_HEADER = YES;
				CLANG_WARN_RANGE_LOOP_ANALYSIS = YES;
				CLANG_WARN_STRICT_PROTOTYPES = YES;
				CLANG_WARN_SUSPICIOUS_MOVE = YES;
				CLANG_WARN_UNGUARDED_AVAILABILITY = YES_AGGRESSIVE;
				CLANG_WARN_UNREACHABLE_CODE = YES;
				CLANG_WARN__DUPLICATE_METHOD_MATCH = YES;
				COPY_PHASE_STRIP = NO;
				DEBUG_INFORMATION_FORMAT = dwarf;
				ENABLE_STRICT_OBJC_MSGSEND = YES;
				ENABLE_TESTABILITY = YES;
				GCC_C_LANGUAGE_STANDARD = gnu11;
				GCC_DYNAMIC_NO_PIC = NO;
				GCC_NO_COMMON_BLOCKS = YES;
				GCC_OPTIMIZATION_LEVEL = 0;
				GCC_PREPROCESSOR_DEFINITIONS = (
					"DEBUG=1",
					"$(inherited)",
				);
				GCC_WARN_64_TO_32_BIT_CONVERSION = YES;
				GCC_WARN_ABOUT_RETURN_TYPE = YES_ERROR;
				GCC_WARN_UNDECLARED_SELECTOR = YES;
				GCC_WARN_UNINITIALIZED_AUTOS = YES_AGGRESSIVE;
				GCC_WARN_UNUSED_FUNCTION = YES;
				GCC_WARN_UNUSED_VARIABLE = YES;
				IPHONEOS_DEPLOYMENT_TARGET = 15.4;
				MTL_ENABLE_DEBUG_INFO = INCLUDE_SOURCE;
				MTL_FAST_MATH = YES;
				ONLY_ACTIVE_ARCH = YES;
				SDKROOT = iphoneos;
				SWIFT_ACTIVE_COMPILATION_CONDITIONS = DEBUG;
				SWIFT_OPTIMIZATION_LEVEL = "-Onone";
			};
			name = Debug;
		};
		7AF1E25927F4817F007A450D /* Release */ = {
			isa = XCBuildConfiguration;
			buildSettings = {
				ALWAYS_SEARCH_USER_PATHS = NO;
				CLANG_ANALYZER_NONNULL = YES;
				CLANG_ANALYZER_NUMBER_OBJECT_CONVERSION = YES_AGGRESSIVE;
				CLANG_CXX_LANGUAGE_STANDARD = "gnu++17";
				CLANG_ENABLE_MODULES = YES;
				CLANG_ENABLE_OBJC_ARC = YES;
				CLANG_ENABLE_OBJC_WEAK = YES;
				CLANG_WARN_BLOCK_CAPTURE_AUTORELEASING = YES;
				CLANG_WARN_BOOL_CONVERSION = YES;
				CLANG_WARN_COMMA = YES;
				CLANG_WARN_CONSTANT_CONVERSION = YES;
				CLANG_WARN_DEPRECATED_OBJC_IMPLEMENTATIONS = YES;
				CLANG_WARN_DIRECT_OBJC_ISA_USAGE = YES_ERROR;
				CLANG_WARN_DOCUMENTATION_COMMENTS = YES;
				CLANG_WARN_EMPTY_BODY = YES;
				CLANG_WARN_ENUM_CONVERSION = YES;
				CLANG_WARN_INFINITE_RECURSION = YES;
				CLANG_WARN_INT_CONVERSION = YES;
				CLANG_WARN_NON_LITERAL_NULL_CONVERSION = YES;
				CLANG_WARN_OBJC_IMPLICIT_RETAIN_SELF = YES;
				CLANG_WARN_OBJC_LITERAL_CONVERSION = YES;
				CLANG_WARN_OBJC_ROOT_CLASS = YES_ERROR;
				CLANG_WARN_QUOTED_INCLUDE_IN_FRAMEWORK_HEADER = YES;
				CLANG_WARN_RANGE_LOOP_ANALYSIS = YES;
				CLANG_WARN_STRICT_PROTOTYPES = YES;
				CLANG_WARN_SUSPICIOUS_MOVE = YES;
				CLANG_WARN_UNGUARDED_AVAILABILITY = YES_AGGRESSIVE;
				CLANG_WARN_UNREACHABLE_CODE = YES;
				CLANG_WARN__DUPLICATE_METHOD_MATCH = YES;
				COPY_PHASE_STRIP = NO;
				DEBUG_INFORMATION_FORMAT = "dwarf-with-dsym";
				ENABLE_NS_ASSERTIONS = NO;
				ENABLE_STRICT_OBJC_MSGSEND = YES;
				GCC_C_LANGUAGE_STANDARD = gnu11;
				GCC_NO_COMMON_BLOCKS = YES;
				GCC_WARN_64_TO_32_BIT_CONVERSION = YES;
				GCC_WARN_ABOUT_RETURN_TYPE = YES_ERROR;
				GCC_WARN_UNDECLARED_SELECTOR = YES;
				GCC_WARN_UNINITIALIZED_AUTOS = YES_AGGRESSIVE;
				GCC_WARN_UNUSED_FUNCTION = YES;
				GCC_WARN_UNUSED_VARIABLE = YES;
				IPHONEOS_DEPLOYMENT_TARGET = 15.4;
				MTL_ENABLE_DEBUG_INFO = NO;
				MTL_FAST_MATH = YES;
				SDKROOT = iphoneos;
				SWIFT_COMPILATION_MODE = wholemodule;
				SWIFT_OPTIMIZATION_LEVEL = "-O";
				VALIDATE_PRODUCT = YES;
			};
			name = Release;
		};
		7AF1E25B27F4817F007A450D /* Debug */ = {
			isa = XCBuildConfiguration;
			buildSettings = {
				ASSETCATALOG_COMPILER_APPICON_NAME = AppIcon;
				ASSETCATALOG_COMPILER_GLOBAL_ACCENT_COLOR_NAME = AccentColor;
				CODE_SIGN_STYLE = Automatic;
				CURRENT_PROJECT_VERSION = 1;
				DEVELOPMENT_ASSET_PATHS = "\"MVVMPokedex/Preview Content\"";
				ENABLE_PREVIEWS = YES;
				GENERATE_INFOPLIST_FILE = YES;
				INFOPLIST_KEY_UIApplicationSceneManifest_Generation = YES;
				INFOPLIST_KEY_UIApplicationSupportsIndirectInputEvents = YES;
				INFOPLIST_KEY_UILaunchScreen_Generation = YES;
				INFOPLIST_KEY_UISupportedInterfaceOrientations_iPad = "UIInterfaceOrientationPortrait UIInterfaceOrientationPortraitUpsideDown UIInterfaceOrientationLandscapeLeft UIInterfaceOrientationLandscapeRight";
				INFOPLIST_KEY_UISupportedInterfaceOrientations_iPhone = "UIInterfaceOrientationPortrait UIInterfaceOrientationLandscapeLeft UIInterfaceOrientationLandscapeRight";
				LD_RUNPATH_SEARCH_PATHS = (
					"$(inherited)",
					"@executable_path/Frameworks",
				);
				MARKETING_VERSION = 1.0;
				PRODUCT_BUNDLE_IDENTIFIER = com.codepalace.MVVMPokedex;
				PRODUCT_NAME = "$(TARGET_NAME)";
				SWIFT_EMIT_LOC_STRINGS = YES;
				SWIFT_VERSION = 5.0;
				TARGETED_DEVICE_FAMILY = "1,2";
			};
			name = Debug;
		};
		7AF1E25C27F4817F007A450D /* Release */ = {
			isa = XCBuildConfiguration;
			buildSettings = {
				ASSETCATALOG_COMPILER_APPICON_NAME = AppIcon;
				ASSETCATALOG_COMPILER_GLOBAL_ACCENT_COLOR_NAME = AccentColor;
				CODE_SIGN_STYLE = Automatic;
				CURRENT_PROJECT_VERSION = 1;
				DEVELOPMENT_ASSET_PATHS = "\"MVVMPokedex/Preview Content\"";
				ENABLE_PREVIEWS = YES;
				GENERATE_INFOPLIST_FILE = YES;
				INFOPLIST_KEY_UIApplicationSceneManifest_Generation = YES;
				INFOPLIST_KEY_UIApplicationSupportsIndirectInputEvents = YES;
				INFOPLIST_KEY_UILaunchScreen_Generation = YES;
				INFOPLIST_KEY_UISupportedInterfaceOrientations_iPad = "UIInterfaceOrientationPortrait UIInterfaceOrientationPortraitUpsideDown UIInterfaceOrientationLandscapeLeft UIInterfaceOrientationLandscapeRight";
				INFOPLIST_KEY_UISupportedInterfaceOrientations_iPhone = "UIInterfaceOrientationPortrait UIInterfaceOrientationLandscapeLeft UIInterfaceOrientationLandscapeRight";
				LD_RUNPATH_SEARCH_PATHS = (
					"$(inherited)",
					"@executable_path/Frameworks",
				);
				MARKETING_VERSION = 1.0;
				PRODUCT_BUNDLE_IDENTIFIER = com.codepalace.MVVMPokedex;
				PRODUCT_NAME = "$(TARGET_NAME)";
				SWIFT_EMIT_LOC_STRINGS = YES;
				SWIFT_VERSION = 5.0;
				TARGETED_DEVICE_FAMILY = "1,2";
			};
			name = Release;
		};
/* End XCBuildConfiguration section */

/* Begin XCConfigurationList section */
		7AF1E24727F4817C007A450D /* Build configuration list for PBXProject "MVVMPokedex" */ = {
			isa = XCConfigurationList;
			buildConfigurations = (
				7AF1E25827F4817F007A450D /* Debug */,
				7AF1E25927F4817F007A450D /* Release */,
			);
			defaultConfigurationIsVisible = 0;
			defaultConfigurationName = Release;
		};
		7AF1E25A27F4817F007A450D /* Build configuration list for PBXNativeTarget "MVVMPokedex" */ = {
			isa = XCConfigurationList;
			buildConfigurations = (
				7AF1E25B27F4817F007A450D /* Debug */,
				7AF1E25C27F4817F007A450D /* Release */,
			);
			defaultConfigurationIsVisible = 0;
			defaultConfigurationName = Release;
		};
/* End XCConfigurationList section */
	};
	rootObject = 7AF1E24427F4817C007A450D /* Project object */;
}
